
Microsoft Visual Studio Solution File, Format Version 12.00
# Visual Studio 15
VisualStudioVersion = 15.0.27130.2027
MinimumVisualStudioVersion = 10.0.40219.1
Project("{9A19103F-16F7-4668-BE54-9A1E7A4F7556}") = "Shikana.Cards", "Shikana.Cards\Shikana.Cards.csproj", "{E5342EAA-8806-4210-8ED2-C9CABBDC46F5}"
EndProject
Project("{9A19103F-16F7-4668-BE54-9A1E7A4F7556}") = "Shikana.Cards.Test", "Shikana.Cards.Test\Shikana.Cards.Test.csproj", "{88B9F846-1DB0-4C76-AD58-1FA77C148CF9}"
EndProject
Project("{9A19103F-16F7-4668-BE54-9A1E7A4F7556}") = "Shikana.Game.Logic", "Shikana.Game.Logic\Shikana.Game.Logic.csproj", "{BDDE8676-50FF-4C2C-AE2C-206F6A9607A4}"
EndProject
Global
	GlobalSection(SolutionConfigurationPlatforms) = preSolution
		Debug|Any CPU = Debug|Any CPU
		Release|Any CPU = Release|Any CPU
	EndGlobalSection
	GlobalSection(ProjectConfigurationPlatforms) = postSolution
		{E5342EAA-8806-4210-8ED2-C9CABBDC46F5}.Debug|Any CPU.ActiveCfg = Debug|Any CPU
		{E5342EAA-8806-4210-8ED2-C9CABBDC46F5}.Debug|Any CPU.Build.0 = Debug|Any CPU
		{E5342EAA-8806-4210-8ED2-C9CABBDC46F5}.Release|Any CPU.ActiveCfg = Release|Any CPU
		{E5342EAA-8806-4210-8ED2-C9CABBDC46F5}.Release|Any CPU.Build.0 = Release|Any CPU
		{88B9F846-1DB0-4C76-AD58-1FA77C148CF9}.Debug|Any CPU.ActiveCfg = Debug|Any CPU
		{88B9F846-1DB0-4C76-AD58-1FA77C148CF9}.Debug|Any CPU.Build.0 = Debug|Any CPU
		{88B9F846-1DB0-4C76-AD58-1FA77C148CF9}.Release|Any CPU.ActiveCfg = Release|Any CPU
		{88B9F846-1DB0-4C76-AD58-1FA77C148CF9}.Release|Any CPU.Build.0 = Release|Any CPU
		{BDDE8676-50FF-4C2C-AE2C-206F6A9607A4}.Debug|Any CPU.ActiveCfg = Debug|Any CPU
		{BDDE8676-50FF-4C2C-AE2C-206F6A9607A4}.Debug|Any CPU.Build.0 = Debug|Any CPU
		{BDDE8676-50FF-4C2C-AE2C-206F6A9607A4}.Release|Any CPU.ActiveCfg = Release|Any CPU
		{BDDE8676-50FF-4C2C-AE2C-206F6A9607A4}.Release|Any CPU.Build.0 = Release|Any CPU
	EndGlobalSection
	GlobalSection(SolutionProperties) = preSolution
		HideSolutionNode = FALSE
	EndGlobalSection
	GlobalSection(ExtensibilityGlobals) = postSolution
		SolutionGuid = {8D002C4D-F6C7-42F2-8A73-A0C49D5A8736}
	EndGlobalSection
EndGlobal
